{
  "version": "5",
  "specifiers": {
    "npm:ts-pattern@5": "5.8.0"
  },
  "npm": {
    "ts-pattern@5.8.0": {
      "integrity": "sha512-kIjN2qmWiHnhgr5DAkAafF9fwb0T5OhMVSWrm8XEdTFnX6+wfXwYOFjeF86UZ54vduqiR7BfqScFmXSzSaH8oA=="
    }
  },
  "workspace": {
    "dependencies": [
      "npm:ts-pattern@5"
    ]
  }
}
